
Microsoft Visual Studio Solution File, Format Version 12.00
# Visual Studio Version 17
VisualStudioVersion = 17.11.35219.272
MinimumVisualStudioVersion = 10.0.40219.1
Project("{FAE04EC0-301F-11D3-BF4B-00C04F79EFBC}") = "PS02_05", "PS02_05\PS02_05.csproj", "{04223A81-E668-4AAA-9915-75F5AB134004}"
EndProject
Global
	GlobalSection(SolutionConfigurationPlatforms) = preSolution
		Debug|Any CPU = Debug|Any CPU
		Release|Any CPU = Release|Any CPU
	EndGlobalSection
	GlobalSection(ProjectConfigurationPlatforms) = postSolution
		{04223A81-E668-4AAA-9915-75F5AB134004}.Debug|Any CPU.ActiveCfg = Debug|Any CPU
		{04223A81-E668-4AAA-9915-75F5AB134004}.Debug|Any CPU.Build.0 = Debug|Any CPU
		{04223A81-E668-4AAA-9915-75F5AB134004}.Release|Any CPU.ActiveCfg = Release|Any CPU
		{04223A81-E668-4AAA-9915-75F5AB134004}.Release|Any CPU.Build.0 = Release|Any CPU
	EndGlobalSection
	GlobalSection(SolutionProperties) = preSolution
		HideSolutionNode = FALSE
	EndGlobalSection
	GlobalSection(ExtensibilityGlobals) = postSolution
		SolutionGuid = {79A5D533-1CCF-48CA-96C5-820B8A39360D}
	EndGlobalSection
EndGlobal
